# This file is generated by running "yarn install" inside your project.
# Manual changes might be lost - proceed with caution!

__metadata:
  version: 8
  cacheKey: 10c0

"@apollo/cache-control-types@npm:^1.0.3":
  version: 1.0.3
  resolution: "@apollo/cache-control-types@npm:1.0.3"
  peerDependencies:
    graphql: 14.x || 15.x || 16.x
  checksum: 10c0/b49a9e99c7d5af6dfe12b775eb6374c8a54894e17ffa882b3d85f4501ca19ee413bdcc1a787a4b44dcc2903ce2c28f19b69116f338f88670c4f6f2e10a0bc498
  languageName: node
  linkType: hard

"@apollo/protobufjs@npm:1.2.8":
  version: 1.2.8
  resolution: "@apollo/protobufjs@npm:1.2.8"
  dependencies:
    "@protobufjs/aspromise": "npm:^1.1.2"
    "@protobufjs/base64": "npm:^1.1.2"
    "@protobufjs/codegen": "npm:^2.0.4"
    "@protobufjs/eventemitter": "npm:^1.1.0"
    "@protobufjs/fetch": "npm:^1.1.0"
    "@protobufjs/float": "npm:^1.0.2"
    "@protobufjs/inquire": "npm:^1.1.0"
    "@protobufjs/path": "npm:^1.1.2"
    "@protobufjs/pool": "npm:^1.1.0"
    "@protobufjs/utf8": "npm:^1.1.0"
    "@types/long": "npm:^4.0.0"
    long: "npm:^4.0.0"
  bin:
    apollo-pbjs: bin/pbjs
    apollo-pbts: bin/pbts
  checksum: 10c0/fb11ee65d965be83df28da1098384b5485123f8053380fb2c79b0e09dcf9677c7fcfe7c1668d68fe4cdcdebe17e3b8a5c0e34364a209f07fe060a5de6137ad0e
  languageName: node
  linkType: hard

"@apollo/server-gateway-interface@npm:^2.0.0":
  version: 2.0.0
  resolution: "@apollo/server-gateway-interface@npm:2.0.0"
  dependencies:
    "@apollo/usage-reporting-protobuf": "npm:^4.1.1"
    "@apollo/utils.fetcher": "npm:^3.0.0"
    "@apollo/utils.keyvaluecache": "npm:^4.0.0"
    "@apollo/utils.logger": "npm:^3.0.0"
  peerDependencies:
    graphql: 14.x || 15.x || 16.x
  checksum: 10c0/75a00aa16a32d9d7f84f303b0aa74a990c236ec484f4fe3a0cf26177d8fa00dbc8b09f3a8143bb3bfc00d87287ae6c74684ac403c20ec350724e88a23325e5bd
  languageName: node
  linkType: hard

"@apollo/server@npm:^5.5.1":
  version: 5.5.1
  resolution: "@apollo/server@npm:5.5.1"
  dependencies:
    "@apollo/cache-control-types": "npm:^1.0.3"
    "@apollo/server-gateway-interface": "npm:^2.0.0"
    "@apollo/usage-reporting-protobuf": "npm:^4.1.1"
    "@apollo/utils.createhash": "npm:^3.0.0"
    "@apollo/utils.fetcher": "npm:^3.0.0"
    "@apollo/utils.isnodelike": "npm:^3.0.0"
    "@apollo/utils.keyvaluecache": "npm:^4.0.0"
    "@apollo/utils.logger": "npm:^3.0.0"
    "@apollo/utils.usagereporting": "npm:^2.1.0"
    "@apollo/utils.withrequired": "npm:^3.0.0"
    "@graphql-tools/schema": "npm:^10.0.0"
    async-retry: "npm:^1.2.1"
    body-parser: "npm:^2.2.2"
    content-type: "npm:^1.0.5"
    cors: "npm:^2.8.5"
    finalhandler: "npm:^2.1.0"
    loglevel: "npm:^1.6.8"
    lru-cache: "npm:^11.1.0"
    negotiator: "npm:^1.0.0"
    whatwg-mimetype: "npm:^4.0.0"
  peerDependencies:
    graphql: ^16.11.0
  checksum: 10c0/05cd54d9c3ef9f0dee583f5150e18cf78d39a9f06282e8df27ff7496347bb96c55df159f8dbd60b78c9e1e8c6d82c8b098f4675f61c9fe37e8cfcaf8dced37c3
  languageName: node
  linkType: hard

"@apollo/usage-reporting-protobuf@npm:^4.1.0, @apollo/usage-reporting-protobuf@npm:^4.1.1":
  version: 4.1.2
  resolution: "@apollo/usage-reporting-protobuf@npm:4.1.2"
  dependencies:
    "@apollo/protobufjs": "npm:1.2.8"
  checksum: 10c0/aa5af92455a7aad398418c96b0952ad659b3552e50f4a80307a9026aa8dab7ba3a0f5c7a87ac37a97aa22a920b2b2bf1805b4bc5172bf41a21f1c32cbb608fdd
  languageName: node
  linkType: hard

"@apollo/utils.createhash@npm:^3.0.0":
  version: 3.0.1
  resolution: "@apollo/utils.createhash@npm:3.0.1"
  dependencies:
    "@apollo/utils.isnodelike": "npm:^3.0.0"
    sha.js: "npm:^2.4.11"
  checksum: 10c0/b826ea1208bd350353fa870bdcec2caf56731a61ddab8a05ae29f057912e5f46a28dc2fc2b28827b50b531e1684b5eb065fca4e7ef2a73a53ac17da4fcdcff75
  languageName: node
  linkType: hard

"@apollo/utils.dropunuseddefinitions@npm:^2.0.1":
  version: 2.0.1
  resolution: "@apollo/utils.dropunuseddefinitions@npm:2.0.1"
  peerDependencies:
    graphql: 14.x || 15.x || 16.x
  checksum: 10c0/4f646ac18219c16b77ffacf25cd18be4f0dfe7b4bd1fa4d57de7e0105c6f2daa71e30a9ba3266a322d4adb6fbbb2494b053748f3fbe7ed035683cf490b6abf38
  languageName: node
  linkType: hard

"@apollo/utils.fetcher@npm:^3.0.0":
  version: 3.1.0
  resolution: "@apollo/utils.fetcher@npm:3.1.0"
  checksum: 10c0/5afef2015cce6a372b1309399ce884a325cb0fb548e80779a52916b039de3076a39d38a037ad1075588eb79ea9c41338990c27a5cbe40306e067ed4997aaff62
  languageName: node
  linkType: hard

"@apollo/utils.isnodelike@npm:^3.0.0":
  version: 3.0.0
  resolution: "@apollo/utils.isnodelike@npm:3.0.0"
  checksum: 10c0/d1e1acb3f3454a6b0043ad020c0e96ad6dd22a547e8232ab1f0da81e08bb8cde5d6d9612c9da38a9525f199ea089a298ae8d8f0f84f1aa1c630853a6b252af32
  languageName: node
  linkType: hard

"@apollo/utils.keyvaluecache@npm:^4.0.0":
  version: 4.0.0
  resolution: "@apollo/utils.keyvaluecache@npm:4.0.0"
  dependencies:
    "@apollo/utils.logger": "npm:^3.0.0"
    lru-cache: "npm:^11.0.0"
  checksum: 10c0/0e051a5672a6043723c98be66b90e0672f020e45938c85a364c4d98d23a252495a6beef0792f700283cf45e3034cc5b11e63740e973431bc42b57cf6b229b4b5
  languageName: node
  linkType: hard

"@apollo/utils.logger@npm:^3.0.0":
  version: 3.0.0
  resolution: "@apollo/utils.logger@npm:3.0.0"
  checksum: 10c0/728336edaeba310ca9ffc63d58b8dde53357d094ea764e895881d1d90e11b51cd53732d77ed3bfe256ba1943996f1613f069112be9f319dc7503500ffed21be6
  languageName: node
  linkType: hard

"@apollo/utils.printwithreducedwhitespace@npm:^2.0.1":
  version: 2.0.1
  resolution: "@apollo/utils.printwithreducedwhitespace@npm:2.0.1"
  peerDependencies:
    graphql: 14.x || 15.x || 16.x
  checksum: 10c0/e4af07f8608bff93970574f891c98cb34c960faa3036d467180bb8964684c5d89357311269f78113e1871fc670a2be7672096f6de06180eb170a3219571a7881
  languageName: node
  linkType: hard

"@apollo/utils.removealiases@npm:2.0.1":
  version: 2.0.1
  resolution: "@apollo/utils.removealiases@npm:2.0.1"
  peerDependencies:
    graphql: 14.x || 15.x || 16.x
  checksum: 10c0/8783fc0cfc04a3127d6537bef950c500c2ddf50206847e691b630dde9e7f3a402ed540800e19e69405e7421bdcc05fba84ce45cba9a824e550b405900efffcae
  languageName: node
  linkType: hard

"@apollo/utils.sortast@npm:^2.0.1":
  version: 2.0.1
  resolution: "@apollo/utils.sortast@npm:2.0.1"
  dependencies:
    lodash.sortby: "npm:^4.7.0"
  peerDependencies:
    graphql: 14.x || 15.x || 16.x
  checksum: 10c0/5b8ccabfa4e86c31ab5108f72bcea8968fdc63f1a9306707365ddf77f7d8bd406dea494b269e4dee210c97a681ee031c60f9a34368dcee4692ec462d076a0bd9
  languageName: node
  linkType: hard

"@apollo/utils.stripsensitiveliterals@npm:^2.0.1":
  version: 2.0.1
  resolution: "@apollo/utils.stripsensitiveliterals@npm:2.0.1"
  peerDependencies:
    graphql: 14.x || 15.x || 16.x
  checksum: 10c0/eb6b22e5a140be574e526da044a48ac0f8949b6f87dccb0c4224c02a5a3df4db82873ab128177476765f1091edde4f3dcae5cb73077827b2cb91489c1c7a8130
  languageName: node
  linkType: hard

"@apollo/utils.usagereporting@npm:^2.1.0":
  version: 2.1.0
  resolution: "@apollo/utils.usagereporting@npm:2.1.0"
  dependencies:
    "@apollo/usage-reporting-protobuf": "npm:^4.1.0"
    "@apollo/utils.dropunuseddefinitions": "npm:^2.0.1"
    "@apollo/utils.printwithreducedwhitespace": "npm:^2.0.1"
    "@apollo/utils.removealiases": "npm:2.0.1"
    "@apollo/utils.sortast": "npm:^2.0.1"
    "@apollo/utils.stripsensitiveliterals": "npm:^2.0.1"
  peerDependencies:
    graphql: 14.x || 15.x || 16.x
  checksum: 10c0/5c2b06a14c5094d0ee8eab7ff78449da1efff3bb4c82ef311b2bb90190437c6c59f2783702a428775f394f12455a53a9723e625e53e18e47b423df8cb9eb26d8
  languageName: node
  linkType: hard

"@apollo/utils.withrequired@npm:^3.0.0":
  version: 3.0.0
  resolution: "@apollo/utils.withrequired@npm:3.0.0"
  checksum: 10c0/49829534ba710aca9b0136eec6a31527135d965941686fae3a11dda93f2128f4cebdaa166a9a46e2d6033fda56de03fccaf6bdb5d07b3a1fddcdddaacecc36f4
  languageName: node
  linkType: hard

"@as-integrations/express5@npm:^1.1.2":
  version: 1.1.2
  resolution: "@as-integrations/express5@npm:1.1.2"
  peerDependencies:
    "@apollo/server": ^4.0.0 || ^5.0.0
    express: ^5.0.0
  checksum: 10c0/6bf6ee9afaf236442d468881f6bf37b3833c372fa4d1bab836d67cbd2def4f67182de5352bbda3ac4579992c604a0dd788c0cf1b75d2d01a66990ee3f566abc1
  languageName: node
  linkType: hard

"@graphql-tools/merge@npm:^9.2.3":
  version: 9.2.3
  resolution: "@graphql-tools/merge@npm:9.2.3"
  dependencies:
    "@graphql-tools/utils": "npm:^12.0.0"
    tslib: "npm:^2.4.0"
  peerDependencies:
    graphql: ^14.0.0 || ^15.0.0 || ^16.0.0 || ^17.0.0
  checksum: 10c0/3cdca7bcbe4911e0de2c384eda523ce9abbe046cf0f9860b9036949cd6e4a0fd7a48fb6948df2bbae7b25c0890fbfacaac1dacb29b2502bda1d8752e89f9fe8b
  languageName: node
  linkType: hard

"@graphql-tools/schema@npm:^10.0.0":
  version: 10.1.0
  resolution: "@graphql-tools/schema@npm:10.1.0"
  dependencies:
    "@graphql-tools/merge": "npm:^9.2.3"
    "@graphql-tools/utils": "npm:^12.0.0"
    tslib: "npm:^2.4.0"
  peerDependencies:
    graphql: ^14.0.0 || ^15.0.0 || ^16.0.0 || ^17.0.0
  checksum: 10c0/39b7838fb7a82f91f70f81b7fefa00a012cea094599a6d4c963b7ed028f90ab995813afc6f1fdcd0ef43aa2100bec5013e3fe76b6e6e5994670e8cf90d796d8e
  languageName: node
  linkType: hard

"@graphql-tools/utils@npm:^12.0.0":
  version: 12.0.0
  resolution: "@graphql-tools/utils@npm:12.0.0"
  dependencies:
    "@graphql-typed-document-node/core": "npm:^3.1.1"
    "@whatwg-node/promise-helpers": "npm:^1.0.0"
    cross-inspect: "npm:1.0.1"
    tslib: "npm:^2.4.0"
  peerDependencies:
    graphql: ^14.0.0 || ^15.0.0 || ^16.0.0 || ^17.0.0
  checksum: 10c0/b0a253266b221042520a1004ee2f432e104afaa3afc02a38644032be2b36a648beecc1fe1abed8e346c4958deea182f75ad7cdf42c9d90e40c473b72086c75ba
  languageName: node
  linkType: hard

"@graphql-typed-document-node/core@npm:^3.1.1":
  version: 3.2.0
  resolution: "@graphql-typed-document-node/core@npm:3.2.0"
  peerDependencies:
    graphql: ^0.8.0 || ^0.9.0 || ^0.10.0 || ^0.11.0 || ^0.12.0 || ^0.13.0 || ^14.0.0 || ^15.0.0 || ^16.0.0 || ^17.0.0
  checksum: 10c0/94e9d75c1f178bbae8d874f5a9361708a3350c8def7eaeb6920f2c820e82403b7d4f55b3735856d68e145e86c85cbfe2adc444fdc25519cd51f108697e99346c
  languageName: node
  linkType: hard

"@protobufjs/aspromise@npm:^1.1.1, @protobufjs/aspromise@npm:^1.1.2":
  version: 1.1.2
  resolution: "@protobufjs/aspromise@npm:1.1.2"
  checksum: 10c0/a83343a468ff5b5ec6bff36fd788a64c839e48a07ff9f4f813564f58caf44d011cd6504ed2147bf34835bd7a7dd2107052af755961c6b098fd8902b4f6500d0f
  languageName: node
  linkType: hard

"@protobufjs/base64@npm:^1.1.2":
  version: 1.1.2
  resolution: "@protobufjs/base64@npm:1.1.2"
  checksum: 10c0/eec925e681081af190b8ee231f9bad3101e189abbc182ff279da6b531e7dbd2a56f1f306f37a80b1be9e00aa2d271690d08dcc5f326f71c9eed8546675c8caf6
  languageName: node
  linkType: hard

"@protobufjs/codegen@npm:^2.0.4":
  version: 2.0.5
  resolution: "@protobufjs/codegen@npm:2.0.5"
  checksum: 10c0/1b8a2ae56ee60a56e9d205cd4b6072a1503c5069b8ebb905710f974ff0098a0d0700641c137e0a8d98dedf14423156a106a9433695cbf52574810f55000fdcab
  languageName: node
  linkType: hard

"@protobufjs/eventemitter@npm:^1.1.0":
  version: 1.1.1
  resolution: "@protobufjs/eventemitter@npm:1.1.1"
  checksum: 10c0/8e06193d4629c5e7c09d4f8c2ddba8fc4dfa739f0149f33a1d901568d35bb7b8b5277a4e8452baf3bdd0b302fd599cf255d193267aa93a0a4747e23cd073c4ac
  languageName: node
  linkType: hard

"@protobufjs/fetch@npm:^1.1.0":
  version: 1.1.1
  resolution: "@protobufjs/fetch@npm:1.1.1"
  dependencies:
    "@protobufjs/aspromise": "npm:^1.1.1"
  checksum: 10c0/a497ff5433854e8577f0427983ea39b9113b49a8120f94515291d763327061d2c3013e60e24ea436d091dafae01a0f6eb1867e3b1616045d96a31d8b3c646ed4
  languageName: node
  linkType: hard

"@protobufjs/float@npm:^1.0.2":
  version: 1.0.2
  resolution: "@protobufjs/float@npm:1.0.2"
  checksum: 10c0/18f2bdede76ffcf0170708af15c9c9db6259b771e6b84c51b06df34a9c339dbbeec267d14ce0bddd20acc142b1d980d983d31434398df7f98eb0c94a0eb79069
  languageName: node
  linkType: hard

"@protobufjs/inquire@npm:^1.1.0":
  version: 1.1.2
  resolution: "@protobufjs/inquire@npm:1.1.2"
  checksum: 10c0/af69597818a14cac6a00a74cd5b3fb85aa96658b9dbbae73e6d907cb154ebf470953a8c537b3e6095a43de565ec4e6c5b40227c72f4a7d762d34fbec7ac179e7
  languageName: node
  linkType: hard

"@protobufjs/path@npm:^1.1.2":
  version: 1.1.2
  resolution: "@protobufjs/path@npm:1.1.2"
  checksum: 10c0/cece0a938e7f5dfd2fa03f8c14f2f1cf8b0d6e13ac7326ff4c96ea311effd5fb7ae0bba754fbf505312af2e38500250c90e68506b97c02360a43793d88a0d8b4
  languageName: node
  linkType: hard

"@protobufjs/pool@npm:^1.1.0":
  version: 1.1.0
  resolution: "@protobufjs/pool@npm:1.1.0"
  checksum: 10c0/eda2718b7f222ac6e6ad36f758a92ef90d26526026a19f4f17f668f45e0306a5bd734def3f48f51f8134ae0978b6262a5c517c08b115a551756d1a3aadfcf038
  languageName: node
  linkType: hard

"@protobufjs/utf8@npm:^1.1.0":
  version: 1.1.2
  resolution: "@protobufjs/utf8@npm:1.1.2"
  checksum: 10c0/975c6e2c0319bd50c17531d186b537a88cb4d3205e3ca9297cd842b631d341da0ee3ff16be8656cd2660756dc753b29c8a6a14c0ad8ed602c1f91ddf22e7b3f3
  languageName: node
  linkType: hard

"@types/long@npm:^4.0.0":
  version: 4.0.2
  resolution: "@types/long@npm:4.0.2"
  checksum: 10c0/42ec66ade1f72ff9d143c5a519a65efc7c1c77be7b1ac5455c530ae9acd87baba065542f8847522af2e3ace2cc999f3ad464ef86e6b7352eece34daf88f8c924
  languageName: node
  linkType: hard

"@whatwg-node/promise-helpers@npm:^1.0.0":
  version: 1.3.2
  resolution: "@whatwg-node/promise-helpers@npm:1.3.2"
  dependencies:
    tslib: "npm:^2.6.3"
  checksum: 10c0/d20e8d740cfa1f0eac7dce11e8a7a84f1567513a8ff0bd1772724b581a8ca77df3f9600a95047c0d2628335626113fa98367517abd01c1ff49817fccf225a29a
  languageName: node
  linkType: hard

"accepts@npm:^2.0.0":
  version: 2.0.0
  resolution: "accepts@npm:2.0.0"
  dependencies:
    mime-types: "npm:^3.0.0"
    negotiator: "npm:^1.0.0"
  checksum: 10c0/98374742097e140891546076215f90c32644feacf652db48412329de4c2a529178a81aa500fbb13dd3e6cbf6e68d829037b123ac037fc9a08bcec4b87b358eef
  languageName: node
  linkType: hard

"async-function@npm:^1.0.0":
  version: 1.0.0
  resolution: "async-function@npm:1.0.0"
  checksum: 10c0/669a32c2cb7e45091330c680e92eaeb791bc1d4132d827591e499cd1f776ff5a873e77e5f92d0ce795a8d60f10761dec9ddfe7225a5de680f5d357f67b1aac73
  languageName: node
  linkType: hard

"async-generator-function@npm:^1.0.0":
  version: 1.0.0
  resolution: "async-generator-function@npm:1.0.0"
  checksum: 10c0/2c50ef856c543ad500d8d8777d347e3c1ba623b93e99c9263ecc5f965c1b12d2a140e2ab6e43c3d0b85366110696f28114649411cbcd10b452a92a2318394186
  languageName: node
  linkType: hard

"async-retry@npm:^1.2.1":
  version: 1.3.3
  resolution: "async-retry@npm:1.3.3"
  dependencies:
    retry: "npm:0.13.1"
  checksum: 10c0/cabced4fb46f8737b95cc88dc9c0ff42656c62dc83ce0650864e891b6c155a063af08d62c446269b51256f6fbcb69a6563b80e76d0ea4a5117b0c0377b6b19d8
  languageName: node
  linkType: hard

"available-typed-arrays@npm:^1.0.7":
  version: 1.0.7
  resolution: "available-typed-arrays@npm:1.0.7"
  dependencies:
    possible-typed-array-names: "npm:^1.0.0"
  checksum: 10c0/d07226ef4f87daa01bd0fe80f8f310982e345f372926da2e5296aecc25c41cab440916bbaa4c5e1034b453af3392f67df5961124e4b586df1e99793a1374bdb2
  languageName: node
  linkType: hard

"body-parser@npm:^2.2.1, body-parser@npm:^2.2.2, body-parser@npm:^2.3.0":
  version: 2.3.0
  resolution: "body-parser@npm:2.3.0"
  dependencies:
    bytes: "npm:^3.1.2"
    content-type: "npm:^2.0.0"
    debug: "npm:^4.4.3"
    http-errors: "npm:^2.0.1"
    iconv-lite: "npm:^0.7.2"
    on-finished: "npm:^2.4.1"
    qs: "npm:^6.15.2"
    raw-body: "npm:^3.0.2"
    type-is: "npm:^2.1.0"
  checksum: 10c0/2a8fbbdc471b588338555a3e1a597d1eb0ad0c21cf20fdc3bac5d3f8d9c3a4b19b4163575ab852a43a5dfc0df7770ced5284f979e561f1a24c2f851ce89e695a
  languageName: node
  linkType: hard

"bytes@npm:^3.1.2, bytes@npm:~3.1.2":
  version: 3.1.2
  resolution: "bytes@npm:3.1.2"
  checksum: 10c0/76d1c43cbd602794ad8ad2ae94095cddeb1de78c5dddaa7005c51af10b0176c69971a6d88e805a90c2b6550d76636e43c40d8427a808b8645ede885de4a0358e
  languageName: node
  linkType: hard

"call-bind-apply-helpers@npm:^1.0.1, call-bind-apply-helpers@npm:^1.0.2":
  version: 1.0.2
  resolution: "call-bind-apply-helpers@npm:1.0.2"
  dependencies:
    es-errors: "npm:^1.3.0"
    function-bind: "npm:^1.1.2"
  checksum: 10c0/47bd9901d57b857590431243fea704ff18078b16890a6b3e021e12d279bbf211d039155e27d7566b374d49ee1f8189344bac9833dec7a20cdec370506361c938
  languageName: node
  linkType: hard

"call-bind@npm:^1.0.9":
  version: 1.0.9
  resolution: "call-bind@npm:1.0.9"
  dependencies:
    call-bind-apply-helpers: "npm:^1.0.2"
    es-define-property: "npm:^1.0.1"
    get-intrinsic: "npm:^1.3.0"
    set-function-length: "npm:^1.2.2"
  checksum: 10c0/a6621f6da1444481919ce3b4983dff725691e0754d3507ae483ce56e54985f2da7d6f1df512c56dbf28660745cf1ca52553f1fc9aef5557f3ce353ef14fab714
  languageName: node
  linkType: hard

"call-bound@npm:^1.0.2, call-bound@npm:^1.0.3, call-bound@npm:^1.0.4":
  version: 1.0.4
  resolution: "call-bound@npm:1.0.4"
  dependencies:
    call-bind-apply-helpers: "npm:^1.0.2"
    get-intrinsic: "npm:^1.3.0"
  checksum: 10c0/f4796a6a0941e71c766aea672f63b72bc61234c4f4964dc6d7606e3664c307e7d77845328a8f3359ce39ddb377fed67318f9ee203dea1d47e46165dcf2917644
  languageName: node
  linkType: hard

"content-disposition@npm:^1.0.0":
  version: 1.1.0
  resolution: "content-disposition@npm:1.1.0"
  checksum: 10c0/94e0aef65873e69330f5f187fbc44ebce593bdcb8013dd8a68b7d0f159ca089bd30db3f8095d829f81c341695b60a6085ee6e15e6d775c4a325b586cc8d91974
  languageName: node
  linkType: hard

"content-type@npm:^1.0.5":
  version: 1.0.5
  resolution: "content-type@npm:1.0.5"
  checksum: 10c0/b76ebed15c000aee4678c3707e0860cb6abd4e680a598c0a26e17f0bfae723ec9cc2802f0ff1bc6e4d80603719010431d2231018373d4dde10f9ccff9dadf5af
  languageName: node
  linkType: hard

"content-type@npm:^2.0.0, content-type@npm:^2.1.0":
  version: 2.1.0
  resolution: "content-type@npm:2.1.0"
  checksum: 10c0/f5d420f55fd0c7a7f7cbae9637777ce67a074aa79b489d8d9fee8599089592b5f8bb194e1d6885741fee20271034baca0d68d5419535b52d070c4f7e39f4b448
  languageName: node
  linkType: hard

"cookie-signature@npm:^1.2.1":
  version: 1.2.2
  resolution: "cookie-signature@npm:1.2.2"
  checksum: 10c0/54e05df1a293b3ce81589b27dddc445f462f6fa6812147c033350cd3561a42bc14481674e05ed14c7bd0ce1e8bb3dc0e40851bad75415733711294ddce0b7bc6
  languageName: node
  linkType: hard

"cookie@npm:^0.7.1":
  version: 0.7.2
  resolution: "cookie@npm:0.7.2"
  checksum: 10c0/9596e8ccdbf1a3a88ae02cf5ee80c1c50959423e1022e4e60b91dd87c622af1da309253d8abdb258fb5e3eacb4f08e579dc58b4897b8087574eee0fd35dfa5d2
  languageName: node
  linkType: hard

"cors@npm:^2.8.5, cors@npm:^2.8.6":
  version: 2.8.6
  resolution: "cors@npm:2.8.6"
  dependencies:
    object-assign: "npm:^4"
    vary: "npm:^1"
  checksum: 10c0/ab2bc57b8af8ef8476682a59647f7c55c1a7d406b559ac06119aa1c5f70b96d35036864d197b24cf86e228e4547231088f1f94ca05061dbb14d89cc0bc9d4cab
  languageName: node
  linkType: hard

"cross-inspect@npm:1.0.1":
  version: 1.0.1
  resolution: "cross-inspect@npm:1.0.1"
  dependencies:
    tslib: "npm:^2.4.0"
  checksum: 10c0/2493ee47a801b46ede1c42ca6242b8d2059f7319b5baf23887bbaf46a6ea8e536d2e271d0990176c05092f67b32d084ffd8c93e7c1227eff4a06cceadb49af47
  languageName: node
  linkType: hard

"debug@npm:^4.4.0, debug@npm:^4.4.3":
  version: 4.4.3
  resolution: "debug@npm:4.4.3"
  dependencies:
    ms: "npm:^2.1.3"
  peerDependenciesMeta:
    supports-color:
      optional: true
  checksum: 10c0/d79136ec6c83ecbefd0f6a5593da6a9c91ec4d7ddc4b54c883d6e71ec9accb5f67a1a5e96d00a328196b5b5c86d365e98d8a3a70856aaf16b4e7b1985e67f5a6
  languageName: node
  linkType: hard

"define-data-property@npm:^1.1.4":
  version: 1.1.4
  resolution: "define-data-property@npm:1.1.4"
  dependencies:
    es-define-property: "npm:^1.0.0"
    es-errors: "npm:^1.3.0"
    gopd: "npm:^1.0.1"
  checksum: 10c0/dea0606d1483eb9db8d930d4eac62ca0fa16738b0b3e07046cddfacf7d8c868bbe13fa0cb263eb91c7d0d527960dc3f2f2471a69ed7816210307f6744fe62e37
  languageName: node
  linkType: hard

"depd@npm:^2.0.0, depd@npm:~2.0.0":
  version: 2.0.0
  resolution: "depd@npm:2.0.0"
  checksum: 10c0/58bd06ec20e19529b06f7ad07ddab60e504d9e0faca4bd23079fac2d279c3594334d736508dc350e06e510aba5e22e4594483b3a6562ce7c17dd797f4cc4ad2c
  languageName: node
  linkType: hard

"dunder-proto@npm:^1.0.1":
  version: 1.0.1
  resolution: "dunder-proto@npm:1.0.1"
  dependencies:
    call-bind-apply-helpers: "npm:^1.0.1"
    es-errors: "npm:^1.3.0"
    gopd: "npm:^1.2.0"
  checksum: 10c0/199f2a0c1c16593ca0a145dbf76a962f8033ce3129f01284d48c45ed4e14fea9bbacd7b3610b6cdc33486cef20385ac054948fefc6272fcce645c09468f93031
  languageName: node
  linkType: hard

"ee-first@npm:1.1.1":
  version: 1.1.1
  resolution: "ee-first@npm:1.1.1"
  checksum: 10c0/b5bb125ee93161bc16bfe6e56c6b04de5ad2aa44234d8f644813cc95d861a6910903132b05093706de2b706599367c4130eb6d170f6b46895686b95f87d017b7
  languageName: node
  linkType: hard

"encodeurl@npm:^2.0.0":
  version: 2.0.0
  resolution: "encodeurl@npm:2.0.0"
  checksum: 10c0/5d317306acb13e6590e28e27924c754163946a2480de11865c991a3a7eed4315cd3fba378b543ca145829569eefe9b899f3d84bb09870f675ae60bc924b01ceb
  languageName: node
  linkType: hard

"es-define-property@npm:^1.0.0, es-define-property@npm:^1.0.1":
  version: 1.0.1
  resolution: "es-define-property@npm:1.0.1"
  checksum: 10c0/3f54eb49c16c18707949ff25a1456728c883e81259f045003499efba399c08bad00deebf65cccde8c0e07908c1a225c9d472b7107e558f2a48e28d530e34527c
  languageName: node
  linkType: hard

"es-errors@npm:^1.3.0":
  version: 1.3.0
  resolution: "es-errors@npm:1.3.0"
  checksum: 10c0/0a61325670072f98d8ae3b914edab3559b6caa980f08054a3b872052640d91da01d38df55df797fcc916389d77fc92b8d5906cf028f4db46d7e3003abecbca85
  languageName: node
  linkType: hard

"es-object-atoms@npm:^1.0.0, es-object-atoms@npm:^1.1.1":
  version: 1.1.2
  resolution: "es-object-atoms@npm:1.1.2"
  dependencies:
    es-errors: "npm:^1.3.0"
  checksum: 10c0/1772861f094f739d6f41b579cfb9a18579daffeb434552a370a5fbef50a32d22227e27b63fdbb757b7ddd429d1b42fe52ccae7966d9302a2ec221b6f1b41bbc4
  languageName: node
  linkType: hard

"escape-html@npm:^1.0.3":
  version: 1.0.3
  resolution: "escape-html@npm:1.0.3"
  checksum: 10c0/524c739d776b36c3d29fa08a22e03e8824e3b2fd57500e5e44ecf3cc4707c34c60f9ca0781c0e33d191f2991161504c295e98f68c78fe7baa6e57081ec6ac0a3
  languageName: node
  linkType: hard

"etag@npm:^1.8.1":
  version: 1.8.1
  resolution: "etag@npm:1.8.1"
  checksum: 10c0/12be11ef62fb9817314d790089a0a49fae4e1b50594135dcb8076312b7d7e470884b5100d249b28c18581b7fd52f8b485689ffae22a11ed9ec17377a33a08f84
  languageName: node
  linkType: hard

"express@npm:^5.2.1":
  version: 5.2.1
  resolution: "express@npm:5.2.1"
  dependencies:
    accepts: "npm:^2.0.0"
    body-parser: "npm:^2.2.1"
    content-disposition: "npm:^1.0.0"
    content-type: "npm:^1.0.5"
    cookie: "npm:^0.7.1"
    cookie-signature: "npm:^1.2.1"
    debug: "npm:^4.4.0"
    depd: "npm:^2.0.0"
    encodeurl: "npm:^2.0.0"
    escape-html: "npm:^1.0.3"
    etag: "npm:^1.8.1"
    finalhandler: "npm:^2.1.0"
    fresh: "npm:^2.0.0"
    http-errors: "npm:^2.0.0"
    merge-descriptors: "npm:^2.0.0"
    mime-types: "npm:^3.0.0"
    on-finished: "npm:^2.4.1"
    once: "npm:^1.4.0"
    parseurl: "npm:^1.3.3"
    proxy-addr: "npm:^2.0.7"
    qs: "npm:^6.14.0"
    range-parser: "npm:^1.2.1"
    router: "npm:^2.2.0"
    send: "npm:^1.1.0"
    serve-static: "npm:^2.2.0"
    statuses: "npm:^2.0.1"
    type-is: "npm:^2.0.1"
    vary: "npm:^1.1.2"
  checksum: 10c0/45e8c841ad188a41402ddcd1294901e861ee0819f632fb494f2ed344ef9c43315d294d443fb48d594e6586a3b779785120f43321417adaef8567316a55072949
  languageName: node
  linkType: hard

"finalhandler@npm:^2.1.0":
  version: 2.1.1
  resolution: "finalhandler@npm:2.1.1"
  dependencies:
    debug: "npm:^4.4.0"
    encodeurl: "npm:^2.0.0"
    escape-html: "npm:^1.0.3"
    on-finished: "npm:^2.4.1"
    parseurl: "npm:^1.3.3"
    statuses: "npm:^2.0.1"
  checksum: 10c0/6bd664e21b7b2e79efcaace7d1a427169f61cce048fae68eb56290e6934e676b78e55d89f5998c5508871345bc59a61f47002dc505dc7288be68cceac1b701e2
  languageName: node
  linkType: hard

"for-each@npm:^0.3.5":
  version: 0.3.5
  resolution: "for-each@npm:0.3.5"
  dependencies:
    is-callable: "npm:^1.2.7"
  checksum: 10c0/0e0b50f6a843a282637d43674d1fb278dda1dd85f4f99b640024cfb10b85058aac0cc781bf689d5fe50b4b7f638e91e548560723a4e76e04fe96ae35ef039cee
  languageName: node
  linkType: hard

"forwarded@npm:0.2.0":
  version: 0.2.0
  resolution: "forwarded@npm:0.2.0"
  checksum: 10c0/9b67c3fac86acdbc9ae47ba1ddd5f2f81526fa4c8226863ede5600a3f7c7416ef451f6f1e240a3cc32d0fd79fcfe6beb08fd0da454f360032bde70bf80afbb33
  languageName: node
  linkType: hard

"fresh@npm:^2.0.0":
  version: 2.0.0
  resolution: "fresh@npm:2.0.0"
  checksum: 10c0/0557548194cb9a809a435bf92bcfbc20c89e8b5eb38861b73ced36750437251e39a111fc3a18b98531be9dd91fe1411e4969f229dc579ec0251ce6c5d4900bbc
  languageName: node
  linkType: hard

"function-bind@npm:^1.1.2":
  version: 1.1.2
  resolution: "function-bind@npm:1.1.2"
  checksum: 10c0/d8680ee1e5fcd4c197e4ac33b2b4dce03c71f4d91717292785703db200f5c21f977c568d28061226f9b5900cbcd2c84463646134fd5337e7925e0942bc3f46d5
  languageName: node
  linkType: hard

"generator-function@npm:^2.0.0":
  version: 2.0.1
  resolution: "generator-function@npm:2.0.1"
  checksum: 10c0/8a9f59df0f01cfefafdb3b451b80555e5cf6d76487095db91ac461a0e682e4ff7a9dbce15f4ecec191e53586d59eece01949e05a4b4492879600bbbe8e28d6b8
  languageName: node
  linkType: hard

"get-intrinsic@npm:^1.2.4, get-intrinsic@npm:^1.2.5, get-intrinsic@npm:^1.3.0":
  version: 1.3.1
  resolution: "get-intrinsic@npm:1.3.1"
  dependencies:
    async-function: "npm:^1.0.0"
    async-generator-function: "npm:^1.0.0"
    call-bind-apply-helpers: "npm:^1.0.2"
    es-define-property: "npm:^1.0.1"
    es-errors: "npm:^1.3.0"
    es-object-atoms: "npm:^1.1.1"
    function-bind: "npm:^1.1.2"
    generator-function: "npm:^2.0.0"
    get-proto: "npm:^1.0.1"
    gopd: "npm:^1.2.0"
    has-symbols: "npm:^1.1.0"
    hasown: "npm:^2.0.2"
    math-intrinsics: "npm:^1.1.0"
  checksum: 10c0/9f4ab0cf7efe0fd2c8185f52e6f637e708f3a112610c88869f8f041bb9ecc2ce44bf285dfdbdc6f4f7c277a5b88d8e94a432374d97cca22f3de7fc63795deb5d
  languageName: node
  linkType: hard

"get-proto@npm:^1.0.1":
  version: 1.0.1
  resolution: "get-proto@npm:1.0.1"
  dependencies:
    dunder-proto: "npm:^1.0.1"
    es-object-atoms: "npm:^1.0.0"
  checksum: 10c0/9224acb44603c5526955e83510b9da41baf6ae73f7398875fba50edc5e944223a89c4a72b070fcd78beb5f7bdda58ecb6294adc28f7acfc0da05f76a2399643c
  languageName: node
  linkType: hard

"gopd@npm:^1.0.1, gopd@npm:^1.2.0":
  version: 1.2.0
  resolution: "gopd@npm:1.2.0"
  checksum: 10c0/50fff1e04ba2b7737c097358534eacadad1e68d24cccee3272e04e007bed008e68d2614f3987788428fd192a5ae3889d08fb2331417e4fc4a9ab366b2043cead
  languageName: node
  linkType: hard

"graphql@npm:^17.0.2":
  version: 17.0.2
  resolution: "graphql@npm:17.0.2"
  checksum: 10c0/766546216b891439ed09fd8584963df2013e26f2f79f096036eaaa2788c38964e049c8a142d68e3afdabdd8bbe70042639e83f0f4b82edbc7c6850421f072bb6
  languageName: node
  linkType: hard

"has-property-descriptors@npm:^1.0.2":
  version: 1.0.2
  resolution: "has-property-descriptors@npm:1.0.2"
  dependencies:
    es-define-property: "npm:^1.0.0"
  checksum: 10c0/253c1f59e80bb476cf0dde8ff5284505d90c3bdb762983c3514d36414290475fe3fd6f574929d84de2a8eec00d35cf07cb6776205ff32efd7c50719125f00236
  languageName: node
  linkType: hard

"has-symbols@npm:^1.0.3, has-symbols@npm:^1.1.0":
  version: 1.1.0
  resolution: "has-symbols@npm:1.1.0"
  checksum: 10c0/dde0a734b17ae51e84b10986e651c664379018d10b91b6b0e9b293eddb32f0f069688c841fb40f19e9611546130153e0a2a48fd7f512891fb000ddfa36f5a20e
  languageName: node
  linkType: hard

"has-tostringtag@npm:^1.0.2":
  version: 1.0.2
  resolution: "has-tostringtag@npm:1.0.2"
  dependencies:
    has-symbols: "npm:^1.0.3"
  checksum: 10c0/a8b166462192bafe3d9b6e420a1d581d93dd867adb61be223a17a8d6dad147aa77a8be32c961bb2f27b3ef893cae8d36f564ab651f5e9b7938ae86f74027c48c
  languageName: node
  linkType: hard

"hasown@npm:^2.0.2":
  version: 2.0.4
  resolution: "hasown@npm:2.0.4"
  dependencies:
    function-bind: "npm:^1.1.2"
  checksum: 10c0/2d8de939e270b70618f8cebb69746620db10617dbb495bc66ddad326955ea24d3ca4af133aff3eb7c1853e0218f867bc2b050ec26fe02e3aea58f880ffc5e506
  languageName: node
  linkType: hard

"http-errors@npm:^2.0.0, http-errors@npm:^2.0.1, http-errors@npm:~2.0.1":
  version: 2.0.1
  resolution: "http-errors@npm:2.0.1"
  dependencies:
    depd: "npm:~2.0.0"
    inherits: "npm:~2.0.4"
    setprototypeof: "npm:~1.2.0"
    statuses: "npm:~2.0.2"
    toidentifier: "npm:~1.0.1"
  checksum: 10c0/fb38906cef4f5c83952d97661fe14dc156cb59fe54812a42cd448fa57b5c5dfcb38a40a916957737bd6b87aab257c0648d63eb5b6a9ca9f548e105b6072712d4
  languageName: node
  linkType: hard

"iconv-lite@npm:^0.7.2, iconv-lite@npm:~0.7.0":
  version: 0.7.3
  resolution: "iconv-lite@npm:0.7.3"
  dependencies:
    safer-buffer: "npm:>= 2.1.2 < 3.0.0"
  checksum: 10c0/be2fd2414f7e94be3a63063fa0ad5919c16bc7b6e00c77eea0765ced6db405739f38dd51016583058fba25cc1d0106ba30b83fbb7a7e32f824d4db76f23d8d33
  languageName: node
  linkType: hard

"inherits@npm:^2.0.4, inherits@npm:~2.0.4":
  version: 2.0.4
  resolution: "inherits@npm:2.0.4"
  checksum: 10c0/4e531f648b29039fb7426fb94075e6545faa1eb9fe83c29f0b6d9e7263aceb4289d2d4557db0d428188eeb449cc7c5e77b0a0b2c4e248ff2a65933a0dee49ef2
  languageName: node
  linkType: hard

"ipaddr.js@npm:1.9.1":
  version: 1.9.1
  resolution: "ipaddr.js@npm:1.9.1"
  checksum: 10c0/0486e775047971d3fdb5fb4f063829bac45af299ae0b82dcf3afa2145338e08290563a2a70f34b732d795ecc8311902e541a8530eeb30d75860a78ff4e94ce2a
  languageName: node
  linkType: hard

"is-callable@npm:^1.2.7":
  version: 1.2.7
  resolution: "is-callable@npm:1.2.7"
  checksum: 10c0/ceebaeb9d92e8adee604076971dd6000d38d6afc40bb843ea8e45c5579b57671c3f3b50d7f04869618242c6cee08d1b67806a8cb8edaaaf7c0748b3720d6066f
  languageName: node
  linkType: hard

"is-promise@npm:^4.0.0":
  version: 4.0.0
  resolution: "is-promise@npm:4.0.0"
  checksum: 10c0/ebd5c672d73db781ab33ccb155fb9969d6028e37414d609b115cc534654c91ccd061821d5b987eefaa97cf4c62f0b909bb2f04db88306de26e91bfe8ddc01503
  languageName: node
  linkType: hard

"is-typed-array@npm:^1.1.14":
  version: 1.1.15
  resolution: "is-typed-array@npm:1.1.15"
  dependencies:
    which-typed-array: "npm:^1.1.16"
  checksum: 10c0/415511da3669e36e002820584e264997ffe277ff136643a3126cc949197e6ca3334d0f12d084e83b1994af2e9c8141275c741cf2b7da5a2ff62dd0cac26f76c4
  languageName: node
  linkType: hard

"isarray@npm:^2.0.5":
  version: 2.0.5
  resolution: "isarray@npm:2.0.5"
  checksum: 10c0/4199f14a7a13da2177c66c31080008b7124331956f47bca57dd0b6ea9f11687aa25e565a2c7a2b519bc86988d10398e3049a1f5df13c9f6b7664154690ae79fd
  languageName: node
  linkType: hard

"lodash.sortby@npm:^4.7.0":
  version: 4.7.0
  resolution: "lodash.sortby@npm:4.7.0"
  checksum: 10c0/fc48fb54ff7669f33bb32997cab9460757ee99fafaf72400b261c3e10fde21538e47d8cfcbe6a25a31bcb5b7b727c27d52626386fc2de24eb059a6d64a89cdf5
  languageName: node
  linkType: hard

"loglevel@npm:^1.6.8":
  version: 1.9.2
  resolution: "loglevel@npm:1.9.2"
  checksum: 10c0/1e317fa4648fe0b4a4cffef6de037340592cee8547b07d4ce97a487abe9153e704b98451100c799b032c72bb89c9366d71c9fb8192ada8703269263ae77acdc7
  languageName: node
  linkType: hard

"long@npm:^4.0.0":
  version: 4.0.0
  resolution: "long@npm:4.0.0"
  checksum: 10c0/50a6417d15b06104dbe4e3d4a667c39b137f130a9108ea8752b352a4cfae047531a3ac351c181792f3f8768fe17cca6b0f406674a541a86fb638aaac560d83ed
  languageName: node
  linkType: hard

"lru-cache@npm:^11.0.0, lru-cache@npm:^11.1.0":
  version: 11.5.2
  resolution: "lru-cache@npm:11.5.2"
  checksum: 10c0/ece1ad731f5b655e85d67047d04bfc13823dc77aa61c5454924a9869ba600a0104e39cc33d726021feef812bc347ca34a5608a5eb1972a5dd0870b7ecd42c3f2
  languageName: node
  linkType: hard

"math-intrinsics@npm:^1.1.0":
  version: 1.1.0
  resolution: "math-intrinsics@npm:1.1.0"
  checksum: 10c0/7579ff94e899e2f76ab64491d76cf606274c874d8f2af4a442c016bd85688927fcfca157ba6bf74b08e9439dc010b248ce05b96cc7c126a354c3bae7fcb48b7f
  languageName: node
  linkType: hard

"media-typer@npm:^1.1.0":
  version: 1.1.1
  resolution: "media-typer@npm:1.1.1"
  checksum: 10c0/924644de220c3107fc53ec0299b7c1488503470265d32f1492535bd798cc369ba7ceaf9c2a4533361590dcf7208d1cc7b7032dbc1a5918773f5f5d912cab5211
  languageName: node
  linkType: hard

"merge-descriptors@npm:^2.0.0":
  version: 2.0.0
  resolution: "merge-descriptors@npm:2.0.0"
  checksum: 10c0/95389b7ced3f9b36fbdcf32eb946dc3dd1774c2fdf164609e55b18d03aa499b12bd3aae3a76c1c7185b96279e9803525550d3eb292b5224866060a288f335cb3
  languageName: node
  linkType: hard

"mime-db@npm:^1.54.0":
  version: 1.54.0
  resolution: "mime-db@npm:1.54.0"
  checksum: 10c0/8d907917bc2a90fa2df842cdf5dfeaf509adc15fe0531e07bb2f6ab15992416479015828d6a74200041c492e42cce3ebf78e5ce714388a0a538ea9c53eece284
  languageName: node
  linkType: hard

"mime-types@npm:^3.0.0, mime-types@npm:^3.0.2":
  version: 3.0.2
  resolution: "mime-types@npm:3.0.2"
  dependencies:
    mime-db: "npm:^1.54.0"
  checksum: 10c0/35a0dd1035d14d185664f346efcdb72e93ef7a9b6e9ae808bd1f6358227010267fab52657b37562c80fc888ff76becb2b2938deb5e730818b7983bf8bd359767
  languageName: node
  linkType: hard

"ms@npm:^2.1.3":
  version: 2.1.3
  resolution: "ms@npm:2.1.3"
  checksum: 10c0/d924b57e7312b3b63ad21fc5b3dc0af5e78d61a1fc7cfb5457edaf26326bf62be5307cc87ffb6862ef1c2b33b0233cdb5d4f01c4c958cc0d660948b65a287a48
  languageName: node
  linkType: hard

"negotiator@npm:^1.0.0":
  version: 1.1.0
  resolution: "negotiator@npm:1.1.0"
  dependencies:
    content-type: "npm:^2.1.0"
  checksum: 10c0/656fa57de02f1a0c4c09f9e17eb78e8182547c07093e810ff8f16249b6ae31f2c546a3d457905e94f3276b25f0e2741ea1a3bc3912192932ed7e493adfea535e
  languageName: node
  linkType: hard

"object-assign@npm:^4":
  version: 4.1.1
  resolution: "object-assign@npm:4.1.1"
  checksum: 10c0/1f4df9945120325d041ccf7b86f31e8bcc14e73d29171e37a7903050e96b81323784ec59f93f102ec635bcf6fa8034ba3ea0a8c7e69fa202b87ae3b6cec5a414
  languageName: node
  linkType: hard

"object-inspect@npm:^1.13.3, object-inspect@npm:^1.13.4":
  version: 1.13.4
  resolution: "object-inspect@npm:1.13.4"
  checksum: 10c0/d7f8711e803b96ea3191c745d6f8056ce1f2496e530e6a19a0e92d89b0fa3c76d910c31f0aa270432db6bd3b2f85500a376a83aaba849a8d518c8845b3211692
  languageName: node
  linkType: hard

"on-finished@npm:^2.4.1":
  version: 2.4.1
  resolution: "on-finished@npm:2.4.1"
  dependencies:
    ee-first: "npm:1.1.1"
  checksum: 10c0/46fb11b9063782f2d9968863d9cbba33d77aa13c17f895f56129c274318b86500b22af3a160fe9995aa41317efcd22941b6eba747f718ced08d9a73afdb087b4
  languageName: node
  linkType: hard

"once@npm:^1.4.0":
  version: 1.4.0
  resolution: "once@npm:1.4.0"
  dependencies:
    wrappy: "npm:1"
  checksum: 10c0/5d48aca287dfefabd756621c5dfce5c91a549a93e9fdb7b8246bc4c4790aa2ec17b34a260530474635147aeb631a2dcc8b32c613df0675f96041cbb8244517d0
  languageName: node
  linkType: hard

"parseurl@npm:^1.3.3":
  version: 1.3.3
  resolution: "parseurl@npm:1.3.3"
  checksum: 10c0/90dd4760d6f6174adb9f20cf0965ae12e23879b5f5464f38e92fce8073354341e4b3b76fa3d878351efe7d01e617121955284cfd002ab087fba1a0726ec0b4f5
  languageName: node
  linkType: hard

"path-to-regexp@npm:^8.0.0":
  version: 8.4.2
  resolution: "path-to-regexp@npm:8.4.2"
  checksum: 10c0/05b115c49b47ad252ce05faa32930f643f23769c68b8bcfe78ad833545140c48bbffb3266986d6c8d5db13a64cf12e07e0d72d9882cab830efeefa553533ebaf
  languageName: node
  linkType: hard

"possible-typed-array-names@npm:^1.0.0":
  version: 1.1.0
  resolution: "possible-typed-array-names@npm:1.1.0"
  checksum: 10c0/c810983414142071da1d644662ce4caebce890203eb2bc7bf119f37f3fe5796226e117e6cca146b521921fa6531072674174a3325066ac66fce089a53e1e5196
  languageName: node
  linkType: hard

"proxy-addr@npm:^2.0.7":
  version: 2.0.7
  resolution: "proxy-addr@npm:2.0.7"
  dependencies:
    forwarded: "npm:0.2.0"
    ipaddr.js: "npm:1.9.1"
  checksum: 10c0/c3eed999781a35f7fd935f398b6d8920b6fb00bbc14287bc6de78128ccc1a02c89b95b56742bf7cf0362cc333c61d138532049c7dedc7a328ef13343eff81210
  languageName: node
  linkType: hard

"qs@npm:^6.14.0, qs@npm:^6.15.2":
  version: 6.15.3
  resolution: "qs@npm:6.15.3"
  dependencies:
    es-define-property: "npm:^1.0.1"
    side-channel: "npm:^1.1.1"
  checksum: 10c0/8f3f6e45ece255347d57696628401cde29e9ec649fff698b53bd3150dea7cefdf33036e1bc1826b9f110bfa7cb0ec4ab9f5297eca628ce216c55af82c304e08e
  languageName: node
  linkType: hard

"range-parser@npm:^1.2.1":
  version: 1.3.0
  resolution: "range-parser@npm:1.3.0"
  checksum: 10c0/295494bb6685f9ab50f41a5f4fa5ce445aeeb9673b491bf178460fcc3a812dcf0d164cf1c83074f13a71a87d91ead5e097afd53e0630bc49a5101ed60f2a7529
  languageName: node
  linkType: hard

"raw-body@npm:^3.0.2":
  version: 3.0.2
  resolution: "raw-body@npm:3.0.2"
  dependencies:
    bytes: "npm:~3.1.2"
    http-errors: "npm:~2.0.1"
    iconv-lite: "npm:~0.7.0"
    unpipe: "npm:~1.0.0"
  checksum: 10c0/d266678d08e1e7abea62c0ce5864344e980fa81c64f6b481e9842c5beaed2cdcf975f658a3ccd67ad35fc919c1f6664ccc106067801850286a6cbe101de89f29
  languageName: node
  linkType: hard

"retry@npm:0.13.1":
  version: 0.13.1
  resolution: "retry@npm:0.13.1"
  checksum: 10c0/9ae822ee19db2163497e074ea919780b1efa00431d197c7afdb950e42bf109196774b92a49fc9821f0b8b328a98eea6017410bfc5e8a0fc19c85c6d11adb3772
  languageName: node
  linkType: hard

"router@npm:^2.2.0":
  version: 2.2.0
  resolution: "router@npm:2.2.0"
  dependencies:
    debug: "npm:^4.4.0"
    depd: "npm:^2.0.0"
    is-promise: "npm:^4.0.0"
    parseurl: "npm:^1.3.3"
    path-to-regexp: "npm:^8.0.0"
  checksum: 10c0/3279de7450c8eae2f6e095e9edacbdeec0abb5cb7249c6e719faa0db2dba43574b4fff5892d9220631c9abaff52dd3cad648cfea2aaace845e1a071915ac8867
  languageName: node
  linkType: hard

"safe-buffer@npm:^5.2.1":
  version: 5.2.1
  resolution: "safe-buffer@npm:5.2.1"
  checksum: 10c0/6501914237c0a86e9675d4e51d89ca3c21ffd6a31642efeba25ad65720bce6921c9e7e974e5be91a786b25aa058b5303285d3c15dbabf983a919f5f630d349f3
  languageName: node
  linkType: hard

"safer-buffer@npm:>= 2.1.2 < 3.0.0":
  version: 2.1.2
  resolution: "safer-buffer@npm:2.1.2"
  checksum: 10c0/7e3c8b2e88a1841c9671094bbaeebd94448111dd90a81a1f606f3f67708a6ec57763b3b47f06da09fc6054193e0e6709e77325415dc8422b04497a8070fa02d4
  languageName: node
  linkType: hard

"send@npm:^1.1.0, send@npm:^1.2.0":
  version: 1.2.1
  resolution: "send@npm:1.2.1"
  dependencies:
    debug: "npm:^4.4.3"
    encodeurl: "npm:^2.0.0"
    escape-html: "npm:^1.0.3"
    etag: "npm:^1.8.1"
    fresh: "npm:^2.0.0"
    http-errors: "npm:^2.0.1"
    mime-types: "npm:^3.0.2"
    ms: "npm:^2.1.3"
    on-finished: "npm:^2.4.1"
    range-parser: "npm:^1.2.1"
    statuses: "npm:^2.0.2"
  checksum: 10c0/fbbbbdc902a913d65605274be23f3d604065cfc3ee3d78bf9fc8af1dc9fc82667c50d3d657f5e601ac657bac9b396b50ee97bd29cd55436320cf1cddebdcec72
  languageName: node
  linkType: hard

"serve-static@npm:^2.2.0":
  version: 2.2.1
  resolution: "serve-static@npm:2.2.1"
  dependencies:
    encodeurl: "npm:^2.0.0"
    escape-html: "npm:^1.0.3"
    parseurl: "npm:^1.3.3"
    send: "npm:^1.2.0"
  checksum: 10c0/37986096e8572e2dfaad35a3925fa8da0c0969f8814fd7788e84d4d388bc068cf0c06d1658509788e55bed942a6b6d040a8a267fa92bb9ffb1179f8bacde5fd7
  languageName: node
  linkType: hard

"server@workspace:.":
  version: 0.0.0-use.local
  resolution: "server@workspace:."
  dependencies:
    "@apollo/server": "npm:^5.5.1"
    "@as-integrations/express5": "npm:^1.1.2"
    body-parser: "npm:^2.3.0"
    cors: "npm:^2.8.6"
    express: "npm:^5.2.1"
    graphql: "npm:^17.0.2"
  languageName: unknown
  linkType: soft

"set-function-length@npm:^1.2.2":
  version: 1.2.2
  resolution: "set-function-length@npm:1.2.2"
  dependencies:
    define-data-property: "npm:^1.1.4"
    es-errors: "npm:^1.3.0"
    function-bind: "npm:^1.1.2"
    get-intrinsic: "npm:^1.2.4"
    gopd: "npm:^1.0.1"
    has-property-descriptors: "npm:^1.0.2"
  checksum: 10c0/82850e62f412a258b71e123d4ed3873fa9377c216809551192bb6769329340176f109c2eeae8c22a8d386c76739855f78e8716515c818bcaef384b51110f0f3c
  languageName: node
  linkType: hard

"setprototypeof@npm:~1.2.0":
  version: 1.2.0
  resolution: "setprototypeof@npm:1.2.0"
  checksum: 10c0/68733173026766fa0d9ecaeb07f0483f4c2dc70ca376b3b7c40b7cda909f94b0918f6c5ad5ce27a9160bdfb475efaa9d5e705a11d8eaae18f9835d20976028bc
  languageName: node
  linkType: hard

"sha.js@npm:^2.4.11":
  version: 2.4.12
  resolution: "sha.js@npm:2.4.12"
  dependencies:
    inherits: "npm:^2.0.4"
    safe-buffer: "npm:^5.2.1"
    to-buffer: "npm:^1.2.0"
  bin:
    sha.js: bin.js
  checksum: 10c0/9d36bdd76202c8116abbe152a00055ccd8a0099cb28fc17c01fa7bb2c8cffb9ca60e2ab0fe5f274ed6c45dc2633d8c39cf7ab050306c231904512ba9da4d8ab1
  languageName: node
  linkType: hard

"side-channel-list@npm:^1.0.1":
  version: 1.0.1
  resolution: "side-channel-list@npm:1.0.1"
  dependencies:
    es-errors: "npm:^1.3.0"
    object-inspect: "npm:^1.13.4"
  checksum: 10c0/d346c787fd2f9f1c2fdea14f00e8250118db0e7596d85a6cb9faa75f105d31a73a8f7a341c93d7df2a2429098c3d37a77bd3be9e88c37094b8c01807bc77c7a2
  languageName: node
  linkType: hard

"side-channel-map@npm:^1.0.1":
  version: 1.0.1
  resolution: "side-channel-map@npm:1.0.1"
  dependencies:
    call-bound: "npm:^1.0.2"
    es-errors: "npm:^1.3.0"
    get-intrinsic: "npm:^1.2.5"
    object-inspect: "npm:^1.13.3"
  checksum: 10c0/010584e6444dd8a20b85bc926d934424bd809e1a3af941cace229f7fdcb751aada0fb7164f60c2e22292b7fa3c0ff0bce237081fd4cdbc80de1dc68e95430672
  languageName: node
  linkType: hard

"side-channel-weakmap@npm:^1.0.2":
  version: 1.0.2
  resolution: "side-channel-weakmap@npm:1.0.2"
  dependencies:
    call-bound: "npm:^1.0.2"
    es-errors: "npm:^1.3.0"
    get-intrinsic: "npm:^1.2.5"
    object-inspect: "npm:^1.13.3"
    side-channel-map: "npm:^1.0.1"
  checksum: 10c0/71362709ac233e08807ccd980101c3e2d7efe849edc51455030327b059f6c4d292c237f94dc0685031dd11c07dd17a68afde235d6cf2102d949567f98ab58185
  languageName: node
  linkType: hard

"side-channel@npm:^1.1.1":
  version: 1.1.1
  resolution: "side-channel@npm:1.1.1"
  dependencies:
    es-errors: "npm:^1.3.0"
    object-inspect: "npm:^1.13.4"
    side-channel-list: "npm:^1.0.1"
    side-channel-map: "npm:^1.0.1"
    side-channel-weakmap: "npm:^1.0.2"
  checksum: 10c0/dc0ab81d67f61bda9247d053ce93f41c3fd8ad2bdcb9cf9d8d2f8540d488f26d87a5e99ebfc07eea49ec025867b2452b705442d974b1478f0395e69f6bfb3270
  languageName: node
  linkType: hard

"statuses@npm:^2.0.1, statuses@npm:^2.0.2, statuses@npm:~2.0.2":
  version: 2.0.2
  resolution: "statuses@npm:2.0.2"
  checksum: 10c0/a9947d98ad60d01f6b26727570f3bcceb6c8fa789da64fe6889908fe2e294d57503b14bf2b5af7605c2d36647259e856635cd4c49eab41667658ec9d0080ec3f
  languageName: node
  linkType: hard

"to-buffer@npm:^1.2.0":
  version: 1.2.2
  resolution: "to-buffer@npm:1.2.2"
  dependencies:
    isarray: "npm:^2.0.5"
    safe-buffer: "npm:^5.2.1"
    typed-array-buffer: "npm:^1.0.3"
  checksum: 10c0/56bc56352f14a2c4a0ab6277c5fc19b51e9534882b98eb068b39e14146591e62fa5b06bf70f7fed1626230463d7e60dca81e815096656e5e01c195c593873d12
  languageName: node
  linkType: hard

"toidentifier@npm:~1.0.1":
  version: 1.0.1
  resolution: "toidentifier@npm:1.0.1"
  checksum: 10c0/93937279934bd66cc3270016dd8d0afec14fb7c94a05c72dc57321f8bd1fa97e5bea6d1f7c89e728d077ca31ea125b78320a616a6c6cd0e6b9cb94cb864381c1
  languageName: node
  linkType: hard

"tslib@npm:^2.4.0, tslib@npm:^2.6.3":
  version: 2.8.1
  resolution: "tslib@npm:2.8.1"
  checksum: 10c0/9c4759110a19c53f992d9aae23aac5ced636e99887b51b9e61def52611732872ff7668757d4e4c61f19691e36f4da981cd9485e869b4a7408d689f6bf1f14e62
  languageName: node
  linkType: hard

"type-is@npm:^2.0.1, type-is@npm:^2.1.0":
  version: 2.1.0
  resolution: "type-is@npm:2.1.0"
  dependencies:
    content-type: "npm:^2.0.0"
    media-typer: "npm:^1.1.0"
    mime-types: "npm:^3.0.0"
  checksum: 10c0/a6018f8f509de48f2c7429305e3a920e73b374fa93127dd0877ae1c2df65a5d33907caac8afb0c37a9b9fc7c49f29e3f55d668963dc845d966930b667c07f50e
  languageName: node
  linkType: hard

"typed-array-buffer@npm:^1.0.3":
  version: 1.0.3
  resolution: "typed-array-buffer@npm:1.0.3"
  dependencies:
    call-bound: "npm:^1.0.3"
    es-errors: "npm:^1.3.0"
    is-typed-array: "npm:^1.1.14"
  checksum: 10c0/1105071756eb248774bc71646bfe45b682efcad93b55532c6ffa4518969fb6241354e4aa62af679ae83899ec296d69ef88f1f3763657cdb3a4d29321f7b83079
  languageName: node
  linkType: hard

"unpipe@npm:~1.0.0":
  version: 1.0.0
  resolution: "unpipe@npm:1.0.0"
  checksum: 10c0/193400255bd48968e5c5383730344fbb4fa114cdedfab26e329e50dd2d81b134244bb8a72c6ac1b10ab0281a58b363d06405632c9d49ca9dfd5e90cbd7d0f32c
  languageName: node
  linkType: hard

"vary@npm:^1, vary@npm:^1.1.2":
  version: 1.1.2
  resolution: "vary@npm:1.1.2"
  checksum: 10c0/f15d588d79f3675135ba783c91a4083dcd290a2a5be9fcb6514220a1634e23df116847b1cc51f66bfb0644cf9353b2abb7815ae499bab06e46dd33c1a6bf1f4f
  languageName: node
  linkType: hard

"whatwg-mimetype@npm:^4.0.0":
  version: 4.0.0
  resolution: "whatwg-mimetype@npm:4.0.0"
  checksum: 10c0/a773cdc8126b514d790bdae7052e8bf242970cebd84af62fb2f35a33411e78e981f6c0ab9ed1fe6ec5071b09d5340ac9178e05b52d35a9c4bcf558ba1b1551df
  languageName: node
  linkType: hard

"which-typed-array@npm:^1.1.16":
  version: 1.1.22
  resolution: "which-typed-array@npm:1.1.22"
  dependencies:
    available-typed-arrays: "npm:^1.0.7"
    call-bind: "npm:^1.0.9"
    call-bound: "npm:^1.0.4"
    for-each: "npm:^0.3.5"
    get-proto: "npm:^1.0.1"
    gopd: "npm:^1.2.0"
    has-tostringtag: "npm:^1.0.2"
  checksum: 10c0/e59db184a4e78b461fac3b05fafc1e7badbbedafbf04a967ee1de73717f1f9723a79699e7b5de71d449541cb5da8353efc01a4f8a72a152479850e54fa196c40
  languageName: node
  linkType: hard

"wrappy@npm:1":
  version: 1.0.2
  resolution: "wrappy@npm:1.0.2"
  checksum: 10c0/56fece1a4018c6a6c8e28fbc88c87e0fbf4ea8fd64fc6c63b18f4acc4bd13e0ad2515189786dd2c30d3eec9663d70f4ecf699330002f8ccb547e4a18231fc9f0
  languageName: node
  linkType: hard
